// !$*UTF8*$!
{
	archiveVersion = 1;
	classes = {
	};
	objectVersion = 50;
	objects = {

/* Begin PBXBuildFile section */
		3731684E26904EFB00C70C78 /* Tache.swift in Sources */ = {isa = PBXBuildFile; fileRef = 3731684D26904EFB00C70C78 /* Tache.swift */; };
		37316850269051D700C70C78 /* VueTacheListeModel.swift in Sources */ = {isa = PBXBuildFile; fileRef = 3731684F269051D700C70C78 /* VueTacheListeModel.swift */; };
		3731685226905B8000C70C78 /* ListeTacheUserDefaultModel.swift in Sources */ = {isa = PBXBuildFile; fileRef = 3731685126905B8000C70C78 /* ListeTacheUserDefaultModel.swift */; };
		373BE17F268A64AE006EBF2F /* listeDeTachesApp.swift in Sources */ = {isa = PBXBuildFile; fileRef = 373BE17E268A64AE006EBF2F /* listeDeTachesApp.swift */; };
		373BE181268A64AE006EBF2F /* ContentView.swift in Sources */ = {isa = PBXBuildFile; fileRef = 373BE180268A64AE006EBF2F /* ContentView.swift */; };
		373BE183268A64AF006EBF2F /* Assets.xcassets in Resources */ = {isa = PBXBuildFile; fileRef = 373BE182268A64AF006EBF2F /* Assets.xcassets */; };
		373BE186268A64AF006EBF2F /* Preview Assets.xcassets in Resources */ = {isa = PBXBuildFile; fileRef = 373BE185268A64AF006EBF2F /* Preview Assets.xcassets */; };
		37E78879269A33B900FD2F26 /* Ressources.swift in Sources */ = {isa = PBXBuildFile; fileRef = 37E78878269A33B900FD2F26 /* Ressources.swift */; };
		37E7887C269A3B8400FD2F26 /* Localizable.strings in Resources */ = {isa = PBXBuildFile; fileRef = 37E7887E269A3B8400FD2F26 /* Localizable.strings */; };
/* End PBXBuildFile section */

/* Begin PBXFileReference section */
		3731684D26904EFB00C70C78 /* Tache.swift */ = {isa = PBXFileReference; lastKnownFileType = sourcecode.swift; path = Tache.swift; sourceTree = "<group>"; };
		3731684F269051D700C70C78 /* VueTacheListeModel.swift */ = {isa = PBXFileReference; lastKnownFileType = sourcecode.swift; path = VueTacheListeModel.swift; sourceTree = "<group>"; };
		3731685126905B8000C70C78 /* ListeTacheUserDefaultModel.swift */ = {isa = PBXFileReference; lastKnownFileType = sourcecode.swift; path = ListeTacheUserDefaultModel.swift; sourceTree = "<group>"; };
		373BE17B268A64AE006EBF2F /* listeDeTaches.app */ = {isa = PBXFileReference; explicitFileType = wrapper.application; includeInIndex = 0; path = listeDeTaches.app; sourceTree = BUILT_PRODUCTS_DIR; };
		373BE17E268A64AE006EBF2F /* listeDeTachesApp.swift */ = {isa = PBXFileReference; lastKnownFileType = sourcecode.swift; path = listeDeTachesApp.swift; sourceTree = "<group>"; };
		373BE180268A64AE006EBF2F /* ContentView.swift */ = {isa = PBXFileReference; lastKnownFileType = sourcecode.swift; path = ContentView.swift; sourceTree = "<group>"; };
		373BE182268A64AF006EBF2F /* Assets.xcassets */ = {isa = PBXFileReference; lastKnownFileType = folder.assetcatalog; path = Assets.xcassets; sourceTree = "<group>"; };
		373BE185268A64AF006EBF2F /* Preview Assets.xcassets */ = {isa = PBXFileReference; lastKnownFileType = folder.assetcatalog; path = "Preview Assets.xcassets"; sourceTree = "<group>"; };
		373BE187268A64AF006EBF2F /* Info.plist */ = {isa = PBXFileReference; lastKnownFileType = text.plist.xml; path = Info.plist; sourceTree = "<group>"; };
		37E78878269A33B900FD2F26 /* Ressources.swift */ = {isa = PBXFileReference; lastKnownFileType = sourcecode.swift; path = Ressources.swift; sourceTree = "<group>"; };
		37E7887D269A3B8400FD2F26 /* en */ = {isa = PBXFileReference; lastKnownFileType = text.plist.strings; name = en; path = en.lproj/Localizable.strings; sourceTree = "<group>"; };
		37E7887F269A3B9200FD2F26 /* fr */ = {isa = PBXFileReference; lastKnownFileType = text.plist.strings; name = fr; path = fr.lproj/Localizable.strings; sourceTree = "<group>"; };
/* End PBXFileReference section */

/* Begin PBXFrameworksBuildPhase section */
		373BE178268A64AE006EBF2F /* Frameworks */ = {
			isa = PBXFrameworksBuildPhase;
			buildActionMask = 2147483647;
			files = (
			);
			runOnlyForDeploymentPostprocessing = 0;
		};
/* End PBXFrameworksBuildPhase section */

/* Begin PBXGroup section */
		373BE172268A64AD006EBF2F = {
			isa = PBXGroup;
			children = (
				373BE17D268A64AE006EBF2F /* listeDeTaches */,
				373BE17C268A64AE006EBF2F /* Products */,
			);
			sourceTree = "<group>";
		};
		373BE17C268A64AE006EBF2F /* Products */ = {
			isa = PBXGroup;
			children = (
				373BE17B268A64AE006EBF2F /* listeDeTaches.app */,
			);
			name = Products;
			sourceTree = "<group>";
		};
		373BE17D268A64AE006EBF2F /* listeDeTaches */ = {
			isa = PBXGroup;
			children = (
				37E78877269A337600FD2F26 /* Ressources */,
				373BE190268A658B006EBF2F /* ViewModel */,
				373BE18F268A6574006EBF2F /* View */,
				373BE18E268A6560006EBF2F /* Model */,
				373BE17E268A64AE006EBF2F /* listeDeTachesApp.swift */,
				373BE182268A64AF006EBF2F /* Assets.xcassets */,
				373BE187268A64AF006EBF2F /* Info.plist */,
				37E7887E269A3B8400FD2F26 /* Localizable.strings */,
				373BE184268A64AF006EBF2F /* Preview Content */,
			);
			path = listeDeTaches;
			sourceTree = "<group>";
		};
		373BE184268A64AF006EBF2F /* Preview Content */ = {
			isa = PBXGroup;
			children = (
				373BE185268A64AF006EBF2F /* Preview Assets.xcassets */,
			);
			path = "Preview Content";
			sourceTree = "<group>";
		};
		373BE18E268A6560006EBF2F /* Model */ = {
			isa = PBXGroup;
			children = (
				3731684D26904EFB00C70C78 /* Tache.swift */,
			);
			path = Model;
			sourceTree = "<group>";
		};
		373BE18F268A6574006EBF2F /* View */ = {
			isa = PBXGroup;
			children = (
				373BE180268A64AE006EBF2F /* ContentView.swift */,
			);
			path = View;
			sourceTree = "<group>";
		};
		373BE190268A658B006EBF2F /* ViewModel */ = {
			isa = PBXGroup;
			children = (
				3731684F269051D700C70C78 /* VueTacheListeModel.swift */,
				3731685126905B8000C70C78 /* ListeTacheUserDefaultModel.swift */,
			);
			path = ViewModel;
			sourceTree = "<group>";
		};
		37E78877269A337600FD2F26 /* Ressources */ = {
			isa = PBXGroup;
			children = (
				37E78878269A33B900FD2F26 /* Ressources.swift */,
			);
			path = Ressources;
			sourceTree = "<group>";
		};
/* End PBXGroup section */

/* Begin PBXNativeTarget section */
		373BE17A268A64AE006EBF2F /* listeDeTaches */ = {
			isa = PBXNativeTarget;
			buildConfigurationList = 373BE18A268A64AF006EBF2F /* Build configuration list for PBXNativeTarget "listeDeTaches" */;
			buildPhases = (
				373BE177268A64AE006EBF2F /* Sources */,
				373BE178268A64AE006EBF2F /* Frameworks */,
				373BE179268A64AE006EBF2F /* Resources */,
			);
			buildRules = (
			);
			dependencies = (
			);
			name = listeDeTaches;
			productName = listeDeTaches;
			productReference = 373BE17B268A64AE006EBF2F /* listeDeTaches.app */;
			productType = "com.apple.product-type.application";
		};
/* End PBXNativeTarget section */

/* Begin PBXProject section */
		373BE173268A64AD006EBF2F /* Project object */ = {
			isa = PBXProject;
			attributes = {
				LastSwiftUpdateCheck = 1250;
				LastUpgradeCheck = 1300;
				TargetAttributes = {
					373BE17A268A64AE006EBF2F = {
						CreatedOnToolsVersion = 12.5.1;
					};
				};
			};
			buildConfigurationList = 373BE176268A64AD006EBF2F /* Build configuration list for PBXProject "listeDeTaches" */;
			compatibilityVersion = "Xcode 9.3";
			developmentRegion = en;
			hasScannedForEncodings = 0;
			knownRegions = (
				en,
				Base,
				fr,
			);
			mainGroup = 373BE172268A64AD006EBF2F;
			productRefGroup = 373BE17C268A64AE006EBF2F /* Products */;
			projectDirPath = "";
			projectRoot = "";
			targets = (
				373BE17A268A64AE006EBF2F /* listeDeTaches */,
			);
		};
/* End PBXProject section */

/* Begin PBXResourcesBuildPhase section */
		373BE179268A64AE006EBF2F /* Resources */ = {
			isa = PBXResourcesBuildPhase;
			buildActionMask = 2147483647;
			files = (
				373BE186268A64AF006EBF2F /* Preview Assets.xcassets in Resources */,
				37E7887C269A3B8400FD2F26 /* Localizable.strings in Resources */,
				373BE183268A64AF006EBF2F /* Assets.xcassets in Resources */,
			);
			runOnlyForDeploymentPostprocessing = 0;
		};
/* End PBXResourcesBuildPhase section */

/* Begin PBXSourcesBuildPhase section */
		373BE177268A64AE006EBF2F /* Sources */ = {
			isa = PBXSourcesBuildPhase;
			buildActionMask = 2147483647;
			files = (
				3731684E26904EFB00C70C78 /* Tache.swift in Sources */,
				373BE181268A64AE006EBF2F /* ContentView.swift in Sources */,
				37316850269051D700C70C78 /* VueTacheListeModel.swift in Sources */,
				37E78879269A33B900FD2F26 /* Ressources.swift in Sources */,
				373BE17F268A64AE006EBF2F /* listeDeTachesApp.swift in Sources */,
				3731685226905B8000C70C78 /* ListeTacheUserDefaultModel.swift in Sources */,
			);
			runOnlyForDeploymentPostprocessing = 0;
		};
/* End PBXSourcesBuildPhase section */

/* Begin PBXVariantGroup section */
		37E7887E269A3B8400FD2F26 /* Localizable.strings */ = {
			isa = PBXVariantGroup;
			children = (
				37E7887D269A3B8400FD2F26 /* en */,
				37E7887F269A3B9200FD2F26 /* fr */,
			);
			name = Localizable.strings;
			sourceTree = "<group>";
		};
/* End PBXVariantGroup section */

/* Begin XCBuildConfiguration section */
		373BE188268A64AF006EBF2F /* Debug */ = {
			isa = XCBuildConfiguration;
			buildSettings = {
				ALWAYS_SEARCH_USER_PATHS = NO;
				CLANG_ANALYZER_LOCALIZABILITY_NONLOCALIZED = YES;
				CLANG_ANALYZER_NONNULL = YES;
				CLANG_ANALYZER_NUMBER_OBJECT_CONVERSION = YES_AGGRESSIVE;
				CLANG_CXX_LANGUAGE_STANDARD = "gnu++14";
				CLANG_CXX_LIBRARY = "libc++";
				CLANG_ENABLE_MODULES = YES;
				CLANG_ENABLE_OBJC_ARC = YES;
				CLANG_ENABLE_OBJC_WEAK = YES;
				CLANG_WARN_BLOCK_CAPTURE_AUTORELEASING = YES;
				CLANG_WARN_BOOL_CONVERSION = YES;
				CLANG_WARN_COMMA = YES;
				CLANG_WARN_CONSTANT_CONVERSION = YES;
				CLANG_WARN_DEPRECATED_OBJC_IMPLEMENTATIONS = YES;
				CLANG_WARN_DIRECT_OBJC_ISA_USAGE = YES_ERROR;
				CLANG_WARN_DOCUMENTATION_COMMENTS = YES;
				CLANG_WARN_EMPTY_BODY = YES;
				CLANG_WARN_ENUM_CONVERSION = YES;
				CLANG_WARN_INFINITE_RECURSION = YES;
				CLANG_WARN_INT_CONVERSION = YES;
				CLANG_WARN_NON_LITERAL_NULL_CONVERSION = YES;
				CLANG_WARN_OBJC_IMPLICIT_RETAIN_SELF = YES;
				CLANG_WARN_OBJC_LITERAL_CONVERSION = YES;
				CLANG_WARN_OBJC_ROOT_CLASS = YES_ERROR;
				CLANG_WARN_QUOTED_INCLUDE_IN_FRAMEWORK_HEADER = YES;
				CLANG_WARN_RANGE_LOOP_ANALYSIS = YES;
				CLANG_WARN_STRICT_PROTOTYPES = YES;
				CLANG_WARN_SUSPICIOUS_MOVE = YES;
				CLANG_WARN_UNGUARDED_AVAILABILITY = YES_AGGRESSIVE;
				CLANG_WARN_UNREACHABLE_CODE = YES;
				CLANG_WARN__DUPLICATE_METHOD_MATCH = YES;
				COPY_PHASE_STRIP = NO;
				DEBUG_INFORMATION_FORMAT = dwarf;
				ENABLE_STRICT_OBJC_MSGSEND = YES;
				ENABLE_TESTABILITY = YES;
				GCC_C_LANGUAGE_STANDARD = gnu11;
				GCC_DYNAMIC_NO_PIC = NO;
				GCC_NO_COMMON_BLOCKS = YES;
				GCC_OPTIMIZATION_LEVEL = 0;
				GCC_PREPROCESSOR_DEFINITIONS = (
					"DEBUG=1",
					"$(inherited)",
				);
				GCC_WARN_64_TO_32_BIT_CONVERSION = YES;
				GCC_WARN_ABOUT_RETURN_TYPE = YES_ERROR;
				GCC_WARN_UNDECLARED_SELECTOR = YES;
				GCC_WARN_UNINITIALIZED_AUTOS = YES_AGGRESSIVE;
				GCC_WARN_UNUSED_FUNCTION = YES;
				GCC_WARN_UNUSED_VARIABLE = YES;
				IPHONEOS_DEPLOYMENT_TARGET = 15.0;
				MTL_ENABLE_DEBUG_INFO = INCLUDE_SOURCE;
				MTL_FAST_MATH = YES;
				ONLY_ACTIVE_ARCH = YES;
				SDKROOT = iphoneos;
				SWIFT_ACTIVE_COMPILATION_CONDITIONS = DEBUG;
				SWIFT_OPTIMIZATION_LEVEL = "-Onone";
			};
			name = Debug;
		};
		373BE189268A64AF006EBF2F /* Release */ = {
			isa = XCBuildConfiguration;
			buildSettings = {
				ALWAYS_SEARCH_USER_PATHS = NO;
				CLANG_ANALYZER_LOCALIZABILITY_NONLOCALIZED = YES;
				CLANG_ANALYZER_NONNULL = YES;
				CLANG_ANALYZER_NUMBER_OBJECT_CONVERSION = YES_AGGRESSIVE;
				CLANG_CXX_LANGUAGE_STANDARD = "gnu++14";
				CLANG_CXX_LIBRARY = "libc++";
				CLANG_ENABLE_MODULES = YES;
				CLANG_ENABLE_OBJC_ARC = YES;
				CLANG_ENABLE_OBJC_WEAK = YES;
				CLANG_WARN_BLOCK_CAPTURE_AUTORELEASING = YES;
				CLANG_WARN_BOOL_CONVERSION = YES;
				CLANG_WARN_COMMA = YES;
				CLANG_WARN_CONSTANT_CONVERSION = YES;
				CLANG_WARN_DEPRECATED_OBJC_IMPLEMENTATIONS = YES;
				CLANG_WARN_DIRECT_OBJC_ISA_USAGE = YES_ERROR;
				CLANG_WARN_DOCUMENTATION_COMMENTS = YES;
				CLANG_WARN_EMPTY_BODY = YES;
				CLANG_WARN_ENUM_CONVERSION = YES;
				CLANG_WARN_INFINITE_RECURSION = YES;
				CLANG_WARN_INT_CONVERSION = YES;
				CLANG_WARN_NON_LITERAL_NULL_CONVERSION = YES;
				CLANG_WARN_OBJC_IMPLICIT_RETAIN_SELF = YES;
				CLANG_WARN_OBJC_LITERAL_CONVERSION = YES;
				CLANG_WARN_OBJC_ROOT_CLASS = YES_ERROR;
				CLANG_WARN_QUOTED_INCLUDE_IN_FRAMEWORK_HEADER = YES;
				CLANG_WARN_RANGE_LOOP_ANALYSIS = YES;
				CLANG_WARN_STRICT_PROTOTYPES = YES;
				CLANG_WARN_SUSPICIOUS_MOVE = YES;
				CLANG_WARN_UNGUARDED_AVAILABILITY = YES_AGGRESSIVE;
				CLANG_WARN_UNREACHABLE_CODE = YES;
				CLANG_WARN__DUPLICATE_METHOD_MATCH = YES;
				COPY_PHASE_STRIP = NO;
				DEBUG_INFORMATION_FORMAT = "dwarf-with-dsym";
				ENABLE_NS_ASSERTIONS = NO;
				ENABLE_STRICT_OBJC_MSGSEND = YES;
				GCC_C_LANGUAGE_STANDARD = gnu11;
				GCC_NO_COMMON_BLOCKS = YES;
				GCC_WARN_64_TO_32_BIT_CONVERSION = YES;
				GCC_WARN_ABOUT_RETURN_TYPE = YES_ERROR;
				GCC_WARN_UNDECLARED_SELECTOR = YES;
				GCC_WARN_UNINITIALIZED_AUTOS = YES_AGGRESSIVE;
				GCC_WARN_UNUSED_FUNCTION = YES;
				GCC_WARN_UNUSED_VARIABLE = YES;
				IPHONEOS_DEPLOYMENT_TARGET = 15.0;
				MTL_ENABLE_DEBUG_INFO = NO;
				MTL_FAST_MATH = YES;
				SDKROOT = iphoneos;
				SWIFT_COMPILATION_MODE = wholemodule;
				SWIFT_OPTIMIZATION_LEVEL = "-O";
				VALIDATE_PRODUCT = YES;
			};
			name = Release;
		};
		373BE18B268A64AF006EBF2F /* Debug */ = {
			isa = XCBuildConfiguration;
			buildSettings = {
				ASSETCATALOG_COMPILER_APPICON_NAME = AppIcon;
				ASSETCATALOG_COMPILER_GLOBAL_ACCENT_COLOR_NAME = AccentColor;
				CODE_SIGN_STYLE = Automatic;
				DEVELOPMENT_ASSET_PATHS = "\"listeDeTaches/Preview Content\"";
				DEVELOPMENT_TEAM = UGQ4YS2NK3;
				ENABLE_PREVIEWS = YES;
				INFOPLIST_FILE = listeDeTaches/Info.plist;
				IPHONEOS_DEPLOYMENT_TARGET = 15.0;
				LD_RUNPATH_SEARCH_PATHS = (
					"$(inherited)",
					"@executable_path/Frameworks",
				);
				PRODUCT_BUNDLE_IDENTIFIER = com.titastus.listeDeTaches;
				PRODUCT_NAME = "$(TARGET_NAME)";
				SWIFT_VERSION = 5.0;
				TARGETED_DEVICE_FAMILY = "1,2";
			};
			name = Debug;
		};
		373BE18C268A64AF006EBF2F /* Release */ = {
			isa = XCBuildConfiguration;
			buildSettings = {
				ASSETCATALOG_COMPILER_APPICON_NAME = AppIcon;
				ASSETCATALOG_COMPILER_GLOBAL_ACCENT_COLOR_NAME = AccentColor;
				CODE_SIGN_STYLE = Automatic;
				DEVELOPMENT_ASSET_PATHS = "\"listeDeTaches/Preview Content\"";
				DEVELOPMENT_TEAM = UGQ4YS2NK3;
				ENABLE_PREVIEWS = YES;
				INFOPLIST_FILE = listeDeTaches/Info.plist;
				IPHONEOS_DEPLOYMENT_TARGET = 15.0;
				LD_RUNPATH_SEARCH_PATHS = (
					"$(inherited)",
					"@executable_path/Frameworks",
				);
				PRODUCT_BUNDLE_IDENTIFIER = com.titastus.listeDeTaches;
				PRODUCT_NAME = "$(TARGET_NAME)";
				SWIFT_VERSION = 5.0;
				TARGETED_DEVICE_FAMILY = "1,2";
			};
			name = Release;
		};
/* End XCBuildConfiguration section */

/* Begin XCConfigurationList section */
		373BE176268A64AD006EBF2F /* Build configuration list for PBXProject "listeDeTaches" */ = {
			isa = XCConfigurationList;
			buildConfigurations = (
				373BE188268A64AF006EBF2F /* Debug */,
				373BE189268A64AF006EBF2F /* Release */,
			);
			defaultConfigurationIsVisible = 0;
			defaultConfigurationName = Release;
		};
		373BE18A268A64AF006EBF2F /* Build configuration list for PBXNativeTarget "listeDeTaches" */ = {
			isa = XCConfigurationList;
			buildConfigurations = (
				373BE18B268A64AF006EBF2F /* Debug */,
				373BE18C268A64AF006EBF2F /* Release */,
			);
			defaultConfigurationIsVisible = 0;
			defaultConfigurationName = Release;
		};
/* End XCConfigurationList section */
	};
	rootObject = 373BE173268A64AD006EBF2F /* Project object */;
}
